github.com/cactus/mlog v1.0.1 h1:86eVRQ7m9RaD2oayGiPcMz6uy8RJYKjI1zlejemkCUU=
github.com/cactus/mlog v1.0.1/go.mod h1:AJd8Wr+LFfIG6gD8nF356EVpQ1i04/dgYfaMlMCj1ns=
github.com/cactus/tai64 v1.0.0 h1:2G/693el0FjkhychJt8iBkCXa9OOxcs5Py5+6v3gypw=
github.com/cactus/tai64 v1.0.0/go.mod h1:WhJw2EH0VDwR0Rzw4h03HV7pLkJIOJPXXs+gNx8eYz8=
github.com/davecgh/go-spew v1.1.0 h1:ZDRjVQ15GmhC3fiQ8ni8+OwkZQO4DARzQgrnXU1Liz8=
github.com/davecgh/go-spew v1.1.0/go.mod h1:J7Y8YcW2NihsgmVo/mv3lAwl/skON4iLHjSsI+c5H38=
github.com/jessevdk/go-flags v1.3.0 h1:QmKsgik/Z5fJ11ZtlcA8F+XW9dNybBNFQ1rngF3MmdU=
github.com/jessevdk/go-flags v1.3.0/go.mod h1:4FA24M0QyGHXBuZZK/XkWh8h0e1EYbRYJSGM75WSRxI=
github.com/pmezard/go-difflib v1.0.0 h1:4DBwDE0NGyQoBHbLQYPwSUPoCMWR5BEzIk/f1lZbAQM=
github.com/pmezard/go-difflib v1.0.0/go.mod h1:iKH77koFhYxTK1pcRnkKkqfTogsbg7gZNVY4sRDYZ/4=
github.com/stretchr/testify v1.2.1 h1:52QO5WkIUcHGIR7EnGagH88x1bUzqGXTC5/1bDTUQ7U=
github.com/stretchr/testify v1.2.1/go.mod h1:a8OnRcib4nhh0OaRAV+Yts87kKdq0PP7pXfy6kDkUVs=
