# This file is autogenerated, do not edit; changes may be undone by the next 'dep ensure'.


[[projects]]
  name = "github.com/cactus/mlog"
  packages = ["."]
  revision = "b0f3ca06304d8079f8111461ffdac48dfb7802f4"
  version = "v1.0.1"

[[projects]]
  name = "github.com/cactus/tai64"
  packages = ["."]
  revision = "9fff3ffed63c4047456ef9d5c5708f260584e9ee"
  version = "v1.0.0"

[[projects]]
  name = "github.com/davecgh/go-spew"
  packages = ["spew"]
  revision = "346938d642f2ec3594ed81d874461961cd0faa76"
  version = "v1.1.0"

[[projects]]
  name = "github.com/jessevdk/go-flags"
  packages = ["."]
  revision = "96dc06278ce32a0e9d957d590bb987c81ee66407"
  version = "v1.3.0"

[[projects]]
  name = "github.com/pelletier/go-toml"
  packages = [
    ".",
    "query"
  ]
  revision = "acdc4509485b587f5e675510c4f2c63e90ff68a8"
  version = "v1.1.0"

[[projects]]
  name = "github.com/pmezard/go-difflib"
  packages = ["difflib"]
  revision = "792786c7400a136282c1664665ae0a8db921c6c2"
  version = "v1.0.0"

[[projects]]
  name = "github.com/stretchr/testify"
  packages = ["assert"]
  revision = "12b6f73e6084dad08a7c6e575284b177ecafbc71"
  version = "v1.2.1"

[solve-meta]
  analyzer-name = "dep"
  analyzer-version = 1
  inputs-digest = "912a8efe8ba9f3ecca88b5ddc2879fe9ffb78c550d22f3192aebb8a94e0f3e84"
  solver-name = "gps-cdcl"
  solver-version = 1
