# @generated - this file is auto-generated by `mise lock` https://mise.en.dev/dev-tools/mise-lock.html

[[tools.go]]
version = "1.26.5"
backend = "core:go"

[tools.go."platforms.linux-arm64"]
checksum = "sha256:fe4789e92b1f33358680864bbe8704289e7bb5fc207d80623c308935bd696d49"
url = "https://dl.google.com/go/go1.26.5.linux-arm64.tar.gz"

[tools.go."platforms.linux-arm64-musl"]
checksum = "sha256:fe4789e92b1f33358680864bbe8704289e7bb5fc207d80623c308935bd696d49"
url = "https://dl.google.com/go/go1.26.5.linux-arm64.tar.gz"

[tools.go."platforms.linux-x64"]
checksum = "sha256:5c2c3b16caefa1d968a94c1daca04a7ca301a496d9b086e17ad77bb81393f053"
url = "https://dl.google.com/go/go1.26.5.linux-amd64.tar.gz"

[tools.go."platforms.linux-x64-musl"]
checksum = "sha256:5c2c3b16caefa1d968a94c1daca04a7ca301a496d9b086e17ad77bb81393f053"
url = "https://dl.google.com/go/go1.26.5.linux-amd64.tar.gz"

[tools.go."platforms.macos-arm64"]
checksum = "sha256:efb87ff28af9a188d0536ef5d42e63dd52ba8263cd7344a993cc48dd11dedb6a"
url = "https://dl.google.com/go/go1.26.5.darwin-arm64.tar.gz"

[tools.go."platforms.macos-x64"]
checksum = "sha256:6231d8d3b8f5552ec6cbf6d685bdd5482e1e703214b120e89b3bf0d7bf1ef725"
url = "https://dl.google.com/go/go1.26.5.darwin-amd64.tar.gz"

[tools.go."platforms.windows-x64"]
checksum = "sha256:97e6b2a833b6d89f9ff17d25419ac0a7e3b482a044e9ab18cdef834bd834fd38"
url = "https://dl.google.com/go/go1.26.5.windows-amd64.zip"

[[tools."go:gotest.tools/gotestsum"]]
version = "1.13.0"
backend = "go:gotest.tools/gotestsum"

[[tools.just]]
version = "1.55.1"
backend = "aqua:casey/just"

[tools.just."platforms.linux-arm64"]
checksum = "sha256:b0ee814c9656427408e339893541e30d9027828686839499b2a2a34dd61ad173"
url = "https://github.com/casey/just/releases/download/1.55.1/just-1.55.1-aarch64-unknown-linux-musl.tar.gz"
url_api = "https://api.github.com/repos/casey/just/releases/assets/461837350"

[tools.just."platforms.linux-arm64-musl"]
checksum = "sha256:b0ee814c9656427408e339893541e30d9027828686839499b2a2a34dd61ad173"
url = "https://github.com/casey/just/releases/download/1.55.1/just-1.55.1-aarch64-unknown-linux-musl.tar.gz"
url_api = "https://api.github.com/repos/casey/just/releases/assets/461837350"

[tools.just."platforms.linux-x64"]
checksum = "sha256:b0ef600f0df20d5ae91ae931627c499fc52b477ffe5f5ea7b7b3ec616b16c778"
url = "https://github.com/casey/just/releases/download/1.55.1/just-1.55.1-x86_64-unknown-linux-musl.tar.gz"
url_api = "https://api.github.com/repos/casey/just/releases/assets/461837276"

[tools.just."platforms.linux-x64-musl"]
checksum = "sha256:b0ef600f0df20d5ae91ae931627c499fc52b477ffe5f5ea7b7b3ec616b16c778"
url = "https://github.com/casey/just/releases/download/1.55.1/just-1.55.1-x86_64-unknown-linux-musl.tar.gz"
url_api = "https://api.github.com/repos/casey/just/releases/assets/461837276"

[tools.just."platforms.macos-arm64"]
checksum = "sha256:0225e3899b1b555bc3f4122d0402ba931a6ee697d188c68e4d971468064c78f4"
url = "https://github.com/casey/just/releases/download/1.55.1/just-1.55.1-aarch64-apple-darwin.tar.gz"
url_api = "https://api.github.com/repos/casey/just/releases/assets/461837511"

[tools.just."platforms.macos-x64"]
checksum = "sha256:74d7d0afc195df14d8e34636fb9b6a9c7d3d443622478dbe86140ffe41ad9192"
url = "https://github.com/casey/just/releases/download/1.55.1/just-1.55.1-x86_64-apple-darwin.tar.gz"
url_api = "https://api.github.com/repos/casey/just/releases/assets/461837280"

[tools.just."platforms.windows-x64"]
checksum = "sha256:8106e6c036aea52dd1d5109bdf9357c37ba87a0e0ef1013d7327103942550c79"
url = "https://github.com/casey/just/releases/download/1.55.1/just-1.55.1-x86_64-pc-windows-msvc.zip"
url_api = "https://api.github.com/repos/casey/just/releases/assets/461838062"
