# @generated - this file is auto-generated by `mise lock` https://mise.en.dev/dev-tools/mise-lock.html

[[tools.go]]
version = "1.26.5"
backend = "core:go"

[tools.go."platforms.linux-arm64"]
checksum = "sha256:fe4789e92b1f33358680864bbe8704289e7bb5fc207d80623c308935bd696d49"
url = "https://dl.google.com/go/go1.26.5.linux-arm64.tar.gz"

[tools.go."platforms.linux-arm64-musl"]
checksum = "sha256:fe4789e92b1f33358680864bbe8704289e7bb5fc207d80623c308935bd696d49"
url = "https://dl.google.com/go/go1.26.5.linux-arm64.tar.gz"

[tools.go."platforms.linux-x64"]
checksum = "sha256:5c2c3b16caefa1d968a94c1daca04a7ca301a496d9b086e17ad77bb81393f053"
url = "https://dl.google.com/go/go1.26.5.linux-amd64.tar.gz"

[tools.go."platforms.linux-x64-musl"]
checksum = "sha256:5c2c3b16caefa1d968a94c1daca04a7ca301a496d9b086e17ad77bb81393f053"
url = "https://dl.google.com/go/go1.26.5.linux-amd64.tar.gz"

[tools.go."platforms.macos-arm64"]
checksum = "sha256:efb87ff28af9a188d0536ef5d42e63dd52ba8263cd7344a993cc48dd11dedb6a"
url = "https://dl.google.com/go/go1.26.5.darwin-arm64.tar.gz"

[tools.go."platforms.macos-x64"]
checksum = "sha256:6231d8d3b8f5552ec6cbf6d685bdd5482e1e703214b120e89b3bf0d7bf1ef725"
url = "https://dl.google.com/go/go1.26.5.darwin-amd64.tar.gz"

[tools.go."platforms.windows-x64"]
checksum = "sha256:97e6b2a833b6d89f9ff17d25419ac0a7e3b482a044e9ab18cdef834bd834fd38"
url = "https://dl.google.com/go/go1.26.5.windows-amd64.zip"

[[tools."go:gotest.tools/gotestsum"]]
version = "1.13.0"
backend = "go:gotest.tools/gotestsum"

[[tools.just]]
version = "1.57.0"
backend = "aqua:casey/just"

[tools.just."platforms.linux-arm64"]
checksum = "sha256:f225044a81adea6e0b3a8b9370aaf374e6af76c8735ae263ac993df55fd137ec"
url = "https://github.com/casey/just/releases/download/1.57.0/just-1.57.0-aarch64-unknown-linux-musl.tar.gz"
url_api = "https://api.github.com/repos/casey/just/releases/assets/481976912"

[tools.just."platforms.linux-arm64-musl"]
checksum = "sha256:f225044a81adea6e0b3a8b9370aaf374e6af76c8735ae263ac993df55fd137ec"
url = "https://github.com/casey/just/releases/download/1.57.0/just-1.57.0-aarch64-unknown-linux-musl.tar.gz"
url_api = "https://api.github.com/repos/casey/just/releases/assets/481976912"

[tools.just."platforms.linux-x64"]
checksum = "sha256:45b548094283cb9739af8f13273b8cddeee869f5b4ef2bb631b1f311cb566155"
url = "https://github.com/casey/just/releases/download/1.57.0/just-1.57.0-x86_64-unknown-linux-musl.tar.gz"
url_api = "https://api.github.com/repos/casey/just/releases/assets/481976790"

[tools.just."platforms.linux-x64-musl"]
checksum = "sha256:45b548094283cb9739af8f13273b8cddeee869f5b4ef2bb631b1f311cb566155"
url = "https://github.com/casey/just/releases/download/1.57.0/just-1.57.0-x86_64-unknown-linux-musl.tar.gz"
url_api = "https://api.github.com/repos/casey/just/releases/assets/481976790"

[tools.just."platforms.macos-arm64"]
checksum = "sha256:0381db216c2f97ce31d838a1562c1064dfbfa73f5a8a81581338a2cd9217df47"
url = "https://github.com/casey/just/releases/download/1.57.0/just-1.57.0-aarch64-apple-darwin.tar.gz"
url_api = "https://api.github.com/repos/casey/just/releases/assets/481976803"

[tools.just."platforms.macos-x64"]
checksum = "sha256:5e6ade3698095576274b2b32cc9e5d467185e8e40b04949004c04cc3d7e962dc"
url = "https://github.com/casey/just/releases/download/1.57.0/just-1.57.0-x86_64-apple-darwin.tar.gz"
url_api = "https://api.github.com/repos/casey/just/releases/assets/481976824"

[tools.just."platforms.windows-x64"]
checksum = "sha256:4c7391d17cb1d17b758b52004ee6411372b8a13ff37c3c9b9031625cb6026e09"
url = "https://github.com/casey/just/releases/download/1.57.0/just-1.57.0-x86_64-pc-windows-msvc.zip"
url_api = "https://api.github.com/repos/casey/just/releases/assets/481977734"
